
Microsoft Visual Studio Solution File, Format Version 12.00
# Visual Studio Version 17
VisualStudioVersion = 17.5.33502.453
MinimumVisualStudioVersion = 10.0.40219.1
Project("{FAE04EC0-301F-11D3-BF4B-00C04F79EFBC}") = "ProvTCPClient", "ProvTCPClient.csproj", "{341B12FA-7F97-4D6C-873F-D816954A80D0}"
EndProject
Project("{FAE04EC0-301F-11D3-BF4B-00C04F79EFBC}") = "ProvTCPServer", "..\ProvTCPServer\ProvTCPServer.csproj", "{58DB8B22-0129-4E39-8154-F23A54EFF1EB}"
EndProject
Global
	GlobalSection(SolutionConfigurationPlatforms) = preSolution
		Debug|Any CPU = Debug|Any CPU
		Release|Any CPU = Release|Any CPU
	EndGlobalSection
	GlobalSection(ProjectConfigurationPlatforms) = postSolution
		{341B12FA-7F97-4D6C-873F-D816954A80D0}.Debug|Any CPU.ActiveCfg = Debug|Any CPU
		{341B12FA-7F97-4D6C-873F-D816954A80D0}.Debug|Any CPU.Build.0 = Debug|Any CPU
		{341B12FA-7F97-4D6C-873F-D816954A80D0}.Release|Any CPU.ActiveCfg = Release|Any CPU
		{341B12FA-7F97-4D6C-873F-D816954A80D0}.Release|Any CPU.Build.0 = Release|Any CPU
		{58DB8B22-0129-4E39-8154-F23A54EFF1EB}.Debug|Any CPU.ActiveCfg = Debug|Any CPU
		{58DB8B22-0129-4E39-8154-F23A54EFF1EB}.Debug|Any CPU.Build.0 = Debug|Any CPU
		{58DB8B22-0129-4E39-8154-F23A54EFF1EB}.Release|Any CPU.ActiveCfg = Release|Any CPU
		{58DB8B22-0129-4E39-8154-F23A54EFF1EB}.Release|Any CPU.Build.0 = Release|Any CPU
	EndGlobalSection
	GlobalSection(SolutionProperties) = preSolution
		HideSolutionNode = FALSE
	EndGlobalSection
	GlobalSection(ExtensibilityGlobals) = postSolution
		SolutionGuid = {FD35EC07-6603-47A6-B251-EA0FBE834D2A}
	EndGlobalSection
EndGlobal
