
Microsoft Visual Studio Solution File, Format Version 12.00
# Visual Studio Version 17
VisualStudioVersion = 17.5.33502.453
MinimumVisualStudioVersion = 10.0.40219.1
Project("{FAE04EC0-301F-11D3-BF4B-00C04F79EFBC}") = "ChattKlient", "ChattKlient\ChattKlient.csproj", "{2C1D0612-9ED1-43C2-8B3B-05B16FC94032}"
EndProject
Project("{FAE04EC0-301F-11D3-BF4B-00C04F79EFBC}") = "ChattServer", "ChattServer\ChattServer.csproj", "{19BE828D-8055-4832-83ED-350FAA41AA76}"
EndProject
Global
	GlobalSection(SolutionConfigurationPlatforms) = preSolution
		Debug|Any CPU = Debug|Any CPU
		Release|Any CPU = Release|Any CPU
	EndGlobalSection
	GlobalSection(ProjectConfigurationPlatforms) = postSolution
		{2C1D0612-9ED1-43C2-8B3B-05B16FC94032}.Debug|Any CPU.ActiveCfg = Debug|Any CPU
		{2C1D0612-9ED1-43C2-8B3B-05B16FC94032}.Debug|Any CPU.Build.0 = Debug|Any CPU
		{2C1D0612-9ED1-43C2-8B3B-05B16FC94032}.Release|Any CPU.ActiveCfg = Release|Any CPU
		{2C1D0612-9ED1-43C2-8B3B-05B16FC94032}.Release|Any CPU.Build.0 = Release|Any CPU
		{19BE828D-8055-4832-83ED-350FAA41AA76}.Debug|Any CPU.ActiveCfg = Debug|Any CPU
		{19BE828D-8055-4832-83ED-350FAA41AA76}.Debug|Any CPU.Build.0 = Debug|Any CPU
		{19BE828D-8055-4832-83ED-350FAA41AA76}.Release|Any CPU.ActiveCfg = Release|Any CPU
		{19BE828D-8055-4832-83ED-350FAA41AA76}.Release|Any CPU.Build.0 = Release|Any CPU
	EndGlobalSection
	GlobalSection(SolutionProperties) = preSolution
		HideSolutionNode = FALSE
	EndGlobalSection
	GlobalSection(ExtensibilityGlobals) = postSolution
		SolutionGuid = {491A7319-EB62-4EB9-8052-3B8340437F2E}
	EndGlobalSection
EndGlobal
