
Microsoft Visual Studio Solution File, Format Version 12.00
# Visual Studio Version 17
VisualStudioVersion = 17.3.32811.315
MinimumVisualStudioVersion = 10.0.40219.1
Project("{FAE04EC0-301F-11D3-BF4B-00C04F79EFBC}") = "Avrunda", "v36 2\Avrunda.csproj", "{4E6A70B8-9444-4DC7-8125-9824AC8E7CBE}"
EndProject
Project("{FAE04EC0-301F-11D3-BF4B-00C04F79EFBC}") = "Användarkonton", "Användarkonton\Användarkonton.csproj", "{7A1CB2CC-D29C-4430-8C83-5E38B2AEDD00}"
EndProject
Global
	GlobalSection(SolutionConfigurationPlatforms) = preSolution
		Debug|Any CPU = Debug|Any CPU
		Release|Any CPU = Release|Any CPU
	EndGlobalSection
	GlobalSection(ProjectConfigurationPlatforms) = postSolution
		{4E6A70B8-9444-4DC7-8125-9824AC8E7CBE}.Debug|Any CPU.ActiveCfg = Debug|Any CPU
		{4E6A70B8-9444-4DC7-8125-9824AC8E7CBE}.Debug|Any CPU.Build.0 = Debug|Any CPU
		{4E6A70B8-9444-4DC7-8125-9824AC8E7CBE}.Release|Any CPU.ActiveCfg = Release|Any CPU
		{4E6A70B8-9444-4DC7-8125-9824AC8E7CBE}.Release|Any CPU.Build.0 = Release|Any CPU
		{7A1CB2CC-D29C-4430-8C83-5E38B2AEDD00}.Debug|Any CPU.ActiveCfg = Debug|Any CPU
		{7A1CB2CC-D29C-4430-8C83-5E38B2AEDD00}.Debug|Any CPU.Build.0 = Debug|Any CPU
		{7A1CB2CC-D29C-4430-8C83-5E38B2AEDD00}.Release|Any CPU.ActiveCfg = Release|Any CPU
		{7A1CB2CC-D29C-4430-8C83-5E38B2AEDD00}.Release|Any CPU.Build.0 = Release|Any CPU
	EndGlobalSection
	GlobalSection(SolutionProperties) = preSolution
		HideSolutionNode = FALSE
	EndGlobalSection
	GlobalSection(ExtensibilityGlobals) = postSolution
		SolutionGuid = {07E0AB0E-7C91-4C81-8FF6-E1FD65E71C5D}
	EndGlobalSection
EndGlobal
